
Microsoft Visual Studio Solution File, Format Version 12.00
# Visual Studio Version 17
VisualStudioVersion = 17.7.34221.43
MinimumVisualStudioVersion = 10.0.40219.1
Project("{2150E333-8FDC-42A3-9474-1A3956D46DE8}") = "src", "src", "{BFE49C37-01DF-45DE-8DDB-9C367242682A}"
EndProject
Project("{2150E333-8FDC-42A3-9474-1A3956D46DE8}") = "Presentation", "Presentation", "{8C8B76C7-B894-420B-BE03-DB8BFC86046D}"
EndProject
Project("{2150E333-8FDC-42A3-9474-1A3956D46DE8}") = "Application", "Application", "{F8AD3F46-F6CD-4717-B3BB-4E00C3372151}"
EndProject
Project("{2150E333-8FDC-42A3-9474-1A3956D46DE8}") = "Infrastructure", "Infrastructure", "{75CDA9C3-72D5-4A3C-83A7-836451021D23}"
EndProject
Project("{2150E333-8FDC-42A3-9474-1A3956D46DE8}") = "Domain", "Domain", "{435DCFD9-074A-439F-843F-79BA9BAB1CDA}"
EndProject
Project("{9A19103F-16F7-4668-BE54-9A1E7A4F7556}") = "Iot.Device.Domain", "Domain\Iot.Device.Domain\Iot.Device.Domain.csproj", "{7312D7AE-A0B9-46D3-88AA-0C5494C33283}"
EndProject
Project("{9A19103F-16F7-4668-BE54-9A1E7A4F7556}") = "Iot.Device.Application", "Application\Iot.Device.Application\Iot.Device.Application.csproj", "{18C57671-D0E3-4C73-9784-7781C1C01691}"
EndProject
Project("{2150E333-8FDC-42A3-9474-1A3956D46DE8}") = "Persistence", "Persistence", "{11A94C41-2A6E-41F5-84D3-339E323EA718}"
EndProject
Project("{9A19103F-16F7-4668-BE54-9A1E7A4F7556}") = "Iot.Device.Persistence", "Persistence\Iot.Device.Persistence\Iot.Device.Persistence.csproj", "{4636110C-8582-4E41-9B2B-6A4C91869B20}"
EndProject
Project("{9A19103F-16F7-4668-BE54-9A1E7A4F7556}") = "Iot.Device.Infrastructure", "Infrastructure\Iot.Device.Infrastructure\Iot.Device.Infrastructure.csproj", "{0014B16D-CCA3-480F-93FD-6723FB73C05E}"
EndProject
Project("{2150E333-8FDC-42A3-9474-1A3956D46DE8}") = "Api", "Api", "{73BADEDB-007B-4737-B444-73A1AD52B2CE}"
EndProject
Project("{9A19103F-16F7-4668-BE54-9A1E7A4F7556}") = "Iot.Device.Api", "Iot.Device.Api\Iot.Device.Api.csproj", "{71736CA0-4145-4966-A69A-4506B6E853E6}"
EndProject
Project("{FAE04EC0-301F-11D3-BF4B-00C04F79EFBC}") = "RestApi", "RestApi\RestApi.csproj", "{83E16499-102C-4960-ABAE-6831B06B561C}"
EndProject
Global
	GlobalSection(SolutionConfigurationPlatforms) = preSolution
		Debug|Any CPU = Debug|Any CPU
		Release|Any CPU = Release|Any CPU
	EndGlobalSection
	GlobalSection(ProjectConfigurationPlatforms) = postSolution
		{7312D7AE-A0B9-46D3-88AA-0C5494C33283}.Debug|Any CPU.ActiveCfg = Debug|Any CPU
		{7312D7AE-A0B9-46D3-88AA-0C5494C33283}.Debug|Any CPU.Build.0 = Debug|Any CPU
		{7312D7AE-A0B9-46D3-88AA-0C5494C33283}.Release|Any CPU.ActiveCfg = Release|Any CPU
		{7312D7AE-A0B9-46D3-88AA-0C5494C33283}.Release|Any CPU.Build.0 = Release|Any CPU
		{18C57671-D0E3-4C73-9784-7781C1C01691}.Debug|Any CPU.ActiveCfg = Debug|Any CPU
		{18C57671-D0E3-4C73-9784-7781C1C01691}.Debug|Any CPU.Build.0 = Debug|Any CPU
		{18C57671-D0E3-4C73-9784-7781C1C01691}.Release|Any CPU.ActiveCfg = Release|Any CPU
		{18C57671-D0E3-4C73-9784-7781C1C01691}.Release|Any CPU.Build.0 = Release|Any CPU
		{4636110C-8582-4E41-9B2B-6A4C91869B20}.Debug|Any CPU.ActiveCfg = Debug|Any CPU
		{4636110C-8582-4E41-9B2B-6A4C91869B20}.Debug|Any CPU.Build.0 = Debug|Any CPU
		{4636110C-8582-4E41-9B2B-6A4C91869B20}.Release|Any CPU.ActiveCfg = Release|Any CPU
		{4636110C-8582-4E41-9B2B-6A4C91869B20}.Release|Any CPU.Build.0 = Release|Any CPU
		{0014B16D-CCA3-480F-93FD-6723FB73C05E}.Debug|Any CPU.ActiveCfg = Debug|Any CPU
		{0014B16D-CCA3-480F-93FD-6723FB73C05E}.Debug|Any CPU.Build.0 = Debug|Any CPU
		{0014B16D-CCA3-480F-93FD-6723FB73C05E}.Release|Any CPU.ActiveCfg = Release|Any CPU
		{0014B16D-CCA3-480F-93FD-6723FB73C05E}.Release|Any CPU.Build.0 = Release|Any CPU
		{71736CA0-4145-4966-A69A-4506B6E853E6}.Debug|Any CPU.ActiveCfg = Debug|Any CPU
		{71736CA0-4145-4966-A69A-4506B6E853E6}.Debug|Any CPU.Build.0 = Debug|Any CPU
		{71736CA0-4145-4966-A69A-4506B6E853E6}.Release|Any CPU.ActiveCfg = Release|Any CPU
		{71736CA0-4145-4966-A69A-4506B6E853E6}.Release|Any CPU.Build.0 = Release|Any CPU
		{83E16499-102C-4960-ABAE-6831B06B561C}.Debug|Any CPU.ActiveCfg = Debug|Any CPU
		{83E16499-102C-4960-ABAE-6831B06B561C}.Debug|Any CPU.Build.0 = Debug|Any CPU
		{83E16499-102C-4960-ABAE-6831B06B561C}.Release|Any CPU.ActiveCfg = Release|Any CPU
		{83E16499-102C-4960-ABAE-6831B06B561C}.Release|Any CPU.Build.0 = Release|Any CPU
	EndGlobalSection
	GlobalSection(SolutionProperties) = preSolution
		HideSolutionNode = FALSE
	EndGlobalSection
	GlobalSection(NestedProjects) = preSolution
		{8C8B76C7-B894-420B-BE03-DB8BFC86046D} = {BFE49C37-01DF-45DE-8DDB-9C367242682A}
		{F8AD3F46-F6CD-4717-B3BB-4E00C3372151} = {BFE49C37-01DF-45DE-8DDB-9C367242682A}
		{75CDA9C3-72D5-4A3C-83A7-836451021D23} = {BFE49C37-01DF-45DE-8DDB-9C367242682A}
		{435DCFD9-074A-439F-843F-79BA9BAB1CDA} = {BFE49C37-01DF-45DE-8DDB-9C367242682A}
		{7312D7AE-A0B9-46D3-88AA-0C5494C33283} = {435DCFD9-074A-439F-843F-79BA9BAB1CDA}
		{18C57671-D0E3-4C73-9784-7781C1C01691} = {F8AD3F46-F6CD-4717-B3BB-4E00C3372151}
		{11A94C41-2A6E-41F5-84D3-339E323EA718} = {BFE49C37-01DF-45DE-8DDB-9C367242682A}
		{4636110C-8582-4E41-9B2B-6A4C91869B20} = {11A94C41-2A6E-41F5-84D3-339E323EA718}
		{0014B16D-CCA3-480F-93FD-6723FB73C05E} = {75CDA9C3-72D5-4A3C-83A7-836451021D23}
		{73BADEDB-007B-4737-B444-73A1AD52B2CE} = {8C8B76C7-B894-420B-BE03-DB8BFC86046D}
		{71736CA0-4145-4966-A69A-4506B6E853E6} = {73BADEDB-007B-4737-B444-73A1AD52B2CE}
		{83E16499-102C-4960-ABAE-6831B06B561C} = {73BADEDB-007B-4737-B444-73A1AD52B2CE}
	EndGlobalSection
	GlobalSection(ExtensibilityGlobals) = postSolution
		SolutionGuid = {D4C70B2D-B13D-43E1-A9FD-CFE0CDBF24C4}
	EndGlobalSection
EndGlobal
